{"filter":false,"title":"Gemfile.lock","tooltip":"/gamesnap/Gemfile.lock","undoManager":{"mark":-1,"position":-1,"stack":[]},"ace":{"folds":[],"scrolltop":2625,"scrollleft":0,"selection":{"start":{"row":123,"column":19},"end":{"row":123,"column":19},"isBackwards":false},"options":{"guessTabSize":true,"useWrapMode":false,"wrapToView":true},"firstLineState":{"row":217,"state":"start","mode":"ace/mode/text"}},"timestamp":1622808796427,"hash":"9aef6deea26c6b2e0d1575ee16635661993de8db"}